// !$*UTF8*$!
{
	archiveVersion = 1;
	classes = {
	};
	objectVersion = 46;
	objects = {

/* Begin PBXBuildFile section */
		A60652EC16FC9E0E002E5616 /* 111-user.png in Resources */ = {isa = PBXBuildFile; fileRef = A60652EB16FC9E0E002E5616 /* 111-user.png */; };
		A656EB6117F0AFFD00B51323 /* CoreData.framework in Frameworks */ = {isa = PBXBuildFile; fileRef = A656EB6017F0AFFD00B51323 /* CoreData.framework */; };
		A656EB6417F0BECD00B51323 /* pedigreeDataModel.xcdatamodeld in Sources */ = {isa = PBXBuildFile; fileRef = A656EB6217F0BECD00B51323 /* pedigreeDataModel.xcdatamodeld */; };
		A657DD9D16F747F200F3CA8E /* UIKit.framework in Frameworks */ = {isa = PBXBuildFile; fileRef = A657DD9C16F747F200F3CA8E /* UIKit.framework */; };
		A657DD9F16F747F200F3CA8E /* Foundation.framework in Frameworks */ = {isa = PBXBuildFile; fileRef = A657DD9E16F747F200F3CA8E /* Foundation.framework */; };
		A657DDA116F747F200F3CA8E /* CoreGraphics.framework in Frameworks */ = {isa = PBXBuildFile; fileRef = A657DDA016F747F200F3CA8E /* CoreGraphics.framework */; };
		A657DDA716F747F200F3CA8E /* InfoPlist.strings in Resources */ = {isa = PBXBuildFile; fileRef = A657DDA516F747F200F3CA8E /* InfoPlist.strings */; };
		A657DDA916F747F200F3CA8E /* main.m in Sources */ = {isa = PBXBuildFile; fileRef = A657DDA816F747F200F3CA8E /* main.m */; };
		A657DDAD16F747F200F3CA8E /* AppDelegate.m in Sources */ = {isa = PBXBuildFile; fileRef = A657DDAC16F747F200F3CA8E /* AppDelegate.m */; };
		A657DDAF16F747F200F3CA8E /* Default.png in Resources */ = {isa = PBXBuildFile; fileRef = A657DDAE16F747F200F3CA8E /* Default.png */; };
		A657DDB116F747F300F3CA8E /* Default@2x.png in Resources */ = {isa = PBXBuildFile; fileRef = A657DDB016F747F300F3CA8E /* Default@2x.png */; };
		A657DDB316F747F300F3CA8E /* Default-568h@2x.png in Resources */ = {isa = PBXBuildFile; fileRef = A657DDB216F747F300F3CA8E /* Default-568h@2x.png */; };
		A657DDB616F747F300F3CA8E /* MainStoryboard.storyboard in Resources */ = {isa = PBXBuildFile; fileRef = A657DDB416F747F300F3CA8E /* MainStoryboard.storyboard */; };
		A66FACC217F307EC002D260E /* MainTabBarVC.m in Sources */ = {isa = PBXBuildFile; fileRef = A66FACC117F307EC002D260E /* MainTabBarVC.m */; };
		A67D37A216FA4792005C9987 /* 79-medical-bag.png in Resources */ = {isa = PBXBuildFile; fileRef = A67D37A116FA4792005C9987 /* 79-medical-bag.png */; };
		A67D37A416FA47E9005C9987 /* 112-group.png in Resources */ = {isa = PBXBuildFile; fileRef = A67D37A316FA47E9005C9987 /* 112-group.png */; };
		A67D37A616FA4899005C9987 /* 19-gear.png in Resources */ = {isa = PBXBuildFile; fileRef = A67D37A516FA4899005C9987 /* 19-gear.png */; };
		A67D37A816FA4B26005C9987 /* 83-calendar.png in Resources */ = {isa = PBXBuildFile; fileRef = A67D37A716FA4B26005C9987 /* 83-calendar.png */; };
		A67D37AA16FA4B79005C9987 /* 108-badge.png in Resources */ = {isa = PBXBuildFile; fileRef = A67D37A916FA4B79005C9987 /* 108-badge.png */; };
		A67D37AD16FB30F5005C9987 /* RelativesTableVC.m in Sources */ = {isa = PBXBuildFile; fileRef = A67D37AC16FB30F5005C9987 /* RelativesTableVC.m */; };
		A67D37B316FB3CCA005C9987 /* AppManager.m in Sources */ = {isa = PBXBuildFile; fileRef = A67D37B216FB3CCA005C9987 /* AppManager.m */; };
		A67D37B716FB3DBF005C9987 /* FamilyTree.m in Sources */ = {isa = PBXBuildFile; fileRef = A67D37B616FB3DBF005C9987 /* FamilyTree.m */; };
		A694BECA17F2177A006B2B43 /* Myself.m in Sources */ = {isa = PBXBuildFile; fileRef = A694BEC917F2177A006B2B43 /* Myself.m */; };
		A694BECD17F2177A006B2B43 /* Person.m in Sources */ = {isa = PBXBuildFile; fileRef = A694BECC17F2177A006B2B43 /* Person.m */; };
		A694BED017F2177A006B2B43 /* ContractedDisease.m in Sources */ = {isa = PBXBuildFile; fileRef = A694BECF17F2177A006B2B43 /* ContractedDisease.m */; };
		A694BED317F2177A006B2B43 /* Relative.m in Sources */ = {isa = PBXBuildFile; fileRef = A694BED217F2177A006B2B43 /* Relative.m */; };
/* End PBXBuildFile section */

/* Begin PBXFileReference section */
		A60652EB16FC9E0E002E5616 /* 111-user.png */ = {isa = PBXFileReference; lastKnownFileType = image.png; path = "111-user.png"; sourceTree = "<group>"; };
		A656EB6017F0AFFD00B51323 /* CoreData.framework */ = {isa = PBXFileReference; lastKnownFileType = wrapper.framework; name = CoreData.framework; path = System/Library/Frameworks/CoreData.framework; sourceTree = SDKROOT; };
		A656EB6317F0BECD00B51323 /* PedigreeDataModel.xcdatamodel */ = {isa = PBXFileReference; lastKnownFileType = wrapper.xcdatamodel; path = PedigreeDataModel.xcdatamodel; sourceTree = "<group>"; };
		A657DD9916F747F200F3CA8E /* Family History.app */ = {isa = PBXFileReference; explicitFileType = wrapper.application; includeInIndex = 0; path = "Family History.app"; sourceTree = BUILT_PRODUCTS_DIR; };
		A657DD9C16F747F200F3CA8E /* UIKit.framework */ = {isa = PBXFileReference; lastKnownFileType = wrapper.framework; name = UIKit.framework; path = System/Library/Frameworks/UIKit.framework; sourceTree = SDKROOT; };
		A657DD9E16F747F200F3CA8E /* Foundation.framework */ = {isa = PBXFileReference; lastKnownFileType = wrapper.framework; name = Foundation.framework; path = System/Library/Frameworks/Foundation.framework; sourceTree = SDKROOT; };
		A657DDA016F747F200F3CA8E /* CoreGraphics.framework */ = {isa = PBXFileReference; lastKnownFileType = wrapper.framework; name = CoreGraphics.framework; path = System/Library/Frameworks/CoreGraphics.framework; sourceTree = SDKROOT; };
		A657DDA416F747F200F3CA8E /* pedigree-Info.plist */ = {isa = PBXFileReference; lastKnownFileType = text.plist.xml; path = "pedigree-Info.plist"; sourceTree = "<group>"; };
		A657DDA616F747F200F3CA8E /* en */ = {isa = PBXFileReference; lastKnownFileType = text.plist.strings; name = en; path = en.lproj/InfoPlist.strings; sourceTree = "<group>"; };
		A657DDA816F747F200F3CA8E /* main.m */ = {isa = PBXFileReference; lastKnownFileType = sourcecode.c.objc; path = main.m; sourceTree = "<group>"; };
		A657DDAA16F747F200F3CA8E /* pedigree-Prefix.pch */ = {isa = PBXFileReference; lastKnownFileType = sourcecode.c.h; path = "pedigree-Prefix.pch"; sourceTree = "<group>"; };
		A657DDAB16F747F200F3CA8E /* AppDelegate.h */ = {isa = PBXFileReference; lastKnownFileType = sourcecode.c.h; path = AppDelegate.h; sourceTree = "<group>"; };
		A657DDAC16F747F200F3CA8E /* AppDelegate.m */ = {isa = PBXFileReference; lastKnownFileType = sourcecode.c.objc; path = AppDelegate.m; sourceTree = "<group>"; };
		A657DDAE16F747F200F3CA8E /* Default.png */ = {isa = PBXFileReference; lastKnownFileType = image.png; path = Default.png; sourceTree = "<group>"; };
		A657DDB016F747F300F3CA8E /* Default@2x.png */ = {isa = PBXFileReference; lastKnownFileType = image.png; path = "Default@2x.png"; sourceTree = "<group>"; };
		A657DDB216F747F300F3CA8E /* Default-568h@2x.png */ = {isa = PBXFileReference; lastKnownFileType = image.png; path = "Default-568h@2x.png"; sourceTree = "<group>"; };
		A657DDB516F747F300F3CA8E /* en */ = {isa = PBXFileReference; lastKnownFileType = file.storyboard; name = en; path = en.lproj/MainStoryboard.storyboard; sourceTree = "<group>"; };
		A66FACC017F307EC002D260E /* MainTabBarVC.h */ = {isa = PBXFileReference; fileEncoding = 4; lastKnownFileType = sourcecode.c.h; path = MainTabBarVC.h; sourceTree = "<group>"; };
		A66FACC117F307EC002D260E /* MainTabBarVC.m */ = {isa = PBXFileReference; fileEncoding = 4; lastKnownFileType = sourcecode.c.objc; path = MainTabBarVC.m; sourceTree = "<group>"; };
		A67D37A116FA4792005C9987 /* 79-medical-bag.png */ = {isa = PBXFileReference; lastKnownFileType = image.png; path = "79-medical-bag.png"; sourceTree = "<group>"; };
		A67D37A316FA47E9005C9987 /* 112-group.png */ = {isa = PBXFileReference; lastKnownFileType = image.png; path = "112-group.png"; sourceTree = "<group>"; };
		A67D37A516FA4899005C9987 /* 19-gear.png */ = {isa = PBXFileReference; lastKnownFileType = image.png; path = "19-gear.png"; sourceTree = "<group>"; };
		A67D37A716FA4B26005C9987 /* 83-calendar.png */ = {isa = PBXFileReference; lastKnownFileType = image.png; path = "83-calendar.png"; sourceTree = "<group>"; };
		A67D37A916FA4B79005C9987 /* 108-badge.png */ = {isa = PBXFileReference; lastKnownFileType = image.png; path = "108-badge.png"; sourceTree = "<group>"; };
		A67D37AB16FB30F5005C9987 /* RelativesTableVC.h */ = {isa = PBXFileReference; fileEncoding = 4; lastKnownFileType = sourcecode.c.h; name = RelativesTableVC.h; path = Classes/RelativesTableVC.h; sourceTree = "<group>"; };
		A67D37AC16FB30F5005C9987 /* RelativesTableVC.m */ = {isa = PBXFileReference; fileEncoding = 4; lastKnownFileType = sourcecode.c.objc; name = RelativesTableVC.m; path = Classes/RelativesTableVC.m; sourceTree = "<group>"; };
		A67D37B116FB3CCA005C9987 /* AppManager.h */ = {isa = PBXFileReference; fileEncoding = 4; lastKnownFileType = sourcecode.c.h; name = AppManager.h; path = Classes/AppManager.h; sourceTree = "<group>"; };
		A67D37B216FB3CCA005C9987 /* AppManager.m */ = {isa = PBXFileReference; fileEncoding = 4; lastKnownFileType = sourcecode.c.objc; name = AppManager.m; path = Classes/AppManager.m; sourceTree = "<group>"; };
		A67D37B416FB3D78005C9987 /* Debug.h */ = {isa = PBXFileReference; lastKnownFileType = sourcecode.c.h; name = Debug.h; path = Classes/Debug.h; sourceTree = "<group>"; };
		A67D37B516FB3DBF005C9987 /* FamilyTree.h */ = {isa = PBXFileReference; fileEncoding = 4; lastKnownFileType = sourcecode.c.h; name = FamilyTree.h; path = Classes/FamilyTree.h; sourceTree = "<group>"; };
		A67D37B616FB3DBF005C9987 /* FamilyTree.m */ = {isa = PBXFileReference; fileEncoding = 4; lastKnownFileType = sourcecode.c.objc; name = FamilyTree.m; path = Classes/FamilyTree.m; sourceTree = "<group>"; };
		A694BEC817F2177A006B2B43 /* Myself.h */ = {isa = PBXFileReference; fileEncoding = 4; lastKnownFileType = sourcecode.c.h; path = Myself.h; sourceTree = "<group>"; };
		A694BEC917F2177A006B2B43 /* Myself.m */ = {isa = PBXFileReference; fileEncoding = 4; lastKnownFileType = sourcecode.c.objc; path = Myself.m; sourceTree = "<group>"; };
		A694BECB17F2177A006B2B43 /* Person.h */ = {isa = PBXFileReference; fileEncoding = 4; lastKnownFileType = sourcecode.c.h; path = Person.h; sourceTree = "<group>"; };
		A694BECC17F2177A006B2B43 /* Person.m */ = {isa = PBXFileReference; fileEncoding = 4; lastKnownFileType = sourcecode.c.objc; path = Person.m; sourceTree = "<group>"; };
		A694BECE17F2177A006B2B43 /* ContractedDisease.h */ = {isa = PBXFileReference; fileEncoding = 4; lastKnownFileType = sourcecode.c.h; path = ContractedDisease.h; sourceTree = "<group>"; };
		A694BECF17F2177A006B2B43 /* ContractedDisease.m */ = {isa = PBXFileReference; fileEncoding = 4; lastKnownFileType = sourcecode.c.objc; path = ContractedDisease.m; sourceTree = "<group>"; };
		A694BED117F2177A006B2B43 /* Relative.h */ = {isa = PBXFileReference; fileEncoding = 4; lastKnownFileType = sourcecode.c.h; path = Relative.h; sourceTree = "<group>"; };
		A694BED217F2177A006B2B43 /* Relative.m */ = {isa = PBXFileReference; fileEncoding = 4; lastKnownFileType = sourcecode.c.objc; path = Relative.m; sourceTree = "<group>"; };
/* End PBXFileReference section */

/* Begin PBXFrameworksBuildPhase section */
		A657DD9616F747F200F3CA8E /* Frameworks */ = {
			isa = PBXFrameworksBuildPhase;
			buildActionMask = 2147483647;
			files = (
				A656EB6117F0AFFD00B51323 /* CoreData.framework in Frameworks */,
				A657DD9D16F747F200F3CA8E /* UIKit.framework in Frameworks */,
				A657DD9F16F747F200F3CA8E /* Foundation.framework in Frameworks */,
				A657DDA116F747F200F3CA8E /* CoreGraphics.framework in Frameworks */,
			);
			runOnlyForDeploymentPostprocessing = 0;
		};
/* End PBXFrameworksBuildPhase section */

/* Begin PBXGroup section */
		A646BBE416F8DC1E00B197CB /* icons */ = {
			isa = PBXGroup;
			children = (
				A60652EB16FC9E0E002E5616 /* 111-user.png */,
				A67D37A916FA4B79005C9987 /* 108-badge.png */,
				A67D37A716FA4B26005C9987 /* 83-calendar.png */,
				A67D37A516FA4899005C9987 /* 19-gear.png */,
				A67D37A316FA47E9005C9987 /* 112-group.png */,
				A67D37A116FA4792005C9987 /* 79-medical-bag.png */,
			);
			name = icons;
			sourceTree = "<group>";
		};
		A657DD9016F747F200F3CA8E = {
			isa = PBXGroup;
			children = (
				A657DDA216F747F200F3CA8E /* pedigree */,
				A657DD9B16F747F200F3CA8E /* Frameworks */,
				A657DD9A16F747F200F3CA8E /* Products */,
			);
			sourceTree = "<group>";
		};
		A657DD9A16F747F200F3CA8E /* Products */ = {
			isa = PBXGroup;
			children = (
				A657DD9916F747F200F3CA8E /* Family History.app */,
			);
			name = Products;
			sourceTree = "<group>";
		};
		A657DD9B16F747F200F3CA8E /* Frameworks */ = {
			isa = PBXGroup;
			children = (
				A656EB6017F0AFFD00B51323 /* CoreData.framework */,
				A657DD9C16F747F200F3CA8E /* UIKit.framework */,
				A657DD9E16F747F200F3CA8E /* Foundation.framework */,
				A657DDA016F747F200F3CA8E /* CoreGraphics.framework */,
			);
			name = Frameworks;
			sourceTree = "<group>";
		};
		A657DDA216F747F200F3CA8E /* pedigree */ = {
			isa = PBXGroup;
			children = (
				A657DDAB16F747F200F3CA8E /* AppDelegate.h */,
				A657DDAC16F747F200F3CA8E /* AppDelegate.m */,
				A657DDB416F747F300F3CA8E /* MainStoryboard.storyboard */,
				A657DDA316F747F200F3CA8E /* Supporting Files */,
				A67D37AB16FB30F5005C9987 /* RelativesTableVC.h */,
				A67D37AC16FB30F5005C9987 /* RelativesTableVC.m */,
				A67D37B116FB3CCA005C9987 /* AppManager.h */,
				A67D37B216FB3CCA005C9987 /* AppManager.m */,
				A67D37B416FB3D78005C9987 /* Debug.h */,
				A67D37B516FB3DBF005C9987 /* FamilyTree.h */,
				A67D37B616FB3DBF005C9987 /* FamilyTree.m */,
				A656EB6217F0BECD00B51323 /* pedigreeDataModel.xcdatamodeld */,
				A694BED117F2177A006B2B43 /* Relative.h */,
				A694BED217F2177A006B2B43 /* Relative.m */,
				A694BECE17F2177A006B2B43 /* ContractedDisease.h */,
				A694BECF17F2177A006B2B43 /* ContractedDisease.m */,
				A694BECB17F2177A006B2B43 /* Person.h */,
				A694BECC17F2177A006B2B43 /* Person.m */,
				A694BEC817F2177A006B2B43 /* Myself.h */,
				A694BEC917F2177A006B2B43 /* Myself.m */,
				A66FACC017F307EC002D260E /* MainTabBarVC.h */,
				A66FACC117F307EC002D260E /* MainTabBarVC.m */,
			);
			path = pedigree;
			sourceTree = "<group>";
		};
		A657DDA316F747F200F3CA8E /* Supporting Files */ = {
			isa = PBXGroup;
			children = (
				A646BBE416F8DC1E00B197CB /* icons */,
				A657DDA416F747F200F3CA8E /* pedigree-Info.plist */,
				A657DDA516F747F200F3CA8E /* InfoPlist.strings */,
				A657DDA816F747F200F3CA8E /* main.m */,
				A657DDAA16F747F200F3CA8E /* pedigree-Prefix.pch */,
				A657DDAE16F747F200F3CA8E /* Default.png */,
				A657DDB016F747F300F3CA8E /* Default@2x.png */,
				A657DDB216F747F300F3CA8E /* Default-568h@2x.png */,
			);
			name = "Supporting Files";
			sourceTree = "<group>";
		};
/* End PBXGroup section */

/* Begin PBXNativeTarget section */
		A657DD9816F747F200F3CA8E /* pedigree */ = {
			isa = PBXNativeTarget;
			buildConfigurationList = A657DDBC16F747F300F3CA8E /* Build configuration list for PBXNativeTarget "pedigree" */;
			buildPhases = (
				A657DD9516F747F200F3CA8E /* Sources */,
				A657DD9616F747F200F3CA8E /* Frameworks */,
				A657DD9716F747F200F3CA8E /* Resources */,
			);
			buildRules = (
			);
			dependencies = (
			);
			name = pedigree;
			productName = pedigree;
			productReference = A657DD9916F747F200F3CA8E /* Family History.app */;
			productType = "com.apple.product-type.application";
		};
/* End PBXNativeTarget section */

/* Begin PBXProject section */
		A657DD9116F747F200F3CA8E /* Project object */ = {
			isa = PBXProject;
			attributes = {
				LastUpgradeCheck = 0460;
				ORGANIZATIONNAME = "CDC Informatics R&D Lab";
			};
			buildConfigurationList = A657DD9416F747F200F3CA8E /* Build configuration list for PBXProject "pedigree" */;
			compatibilityVersion = "Xcode 3.2";
			developmentRegion = English;
			hasScannedForEncodings = 0;
			knownRegions = (
				en,
			);
			mainGroup = A657DD9016F747F200F3CA8E;
			productRefGroup = A657DD9A16F747F200F3CA8E /* Products */;
			projectDirPath = "";
			projectRoot = "";
			targets = (
				A657DD9816F747F200F3CA8E /* pedigree */,
			);
		};
/* End PBXProject section */

/* Begin PBXResourcesBuildPhase section */
		A657DD9716F747F200F3CA8E /* Resources */ = {
			isa = PBXResourcesBuildPhase;
			buildActionMask = 2147483647;
			files = (
				A657DDA716F747F200F3CA8E /* InfoPlist.strings in Resources */,
				A657DDAF16F747F200F3CA8E /* Default.png in Resources */,
				A657DDB116F747F300F3CA8E /* Default@2x.png in Resources */,
				A657DDB316F747F300F3CA8E /* Default-568h@2x.png in Resources */,
				A657DDB616F747F300F3CA8E /* MainStoryboard.storyboard in Resources */,
				A67D37A216FA4792005C9987 /* 79-medical-bag.png in Resources */,
				A67D37A416FA47E9005C9987 /* 112-group.png in Resources */,
				A67D37A616FA4899005C9987 /* 19-gear.png in Resources */,
				A67D37A816FA4B26005C9987 /* 83-calendar.png in Resources */,
				A67D37AA16FA4B79005C9987 /* 108-badge.png in Resources */,
				A60652EC16FC9E0E002E5616 /* 111-user.png in Resources */,
			);
			runOnlyForDeploymentPostprocessing = 0;
		};
/* End PBXResourcesBuildPhase section */

/* Begin PBXSourcesBuildPhase section */
		A657DD9516F747F200F3CA8E /* Sources */ = {
			isa = PBXSourcesBuildPhase;
			buildActionMask = 2147483647;
			files = (
				A657DDA916F747F200F3CA8E /* main.m in Sources */,
				A657DDAD16F747F200F3CA8E /* AppDelegate.m in Sources */,
				A67D37AD16FB30F5005C9987 /* RelativesTableVC.m in Sources */,
				A694BECA17F2177A006B2B43 /* Myself.m in Sources */,
				A656EB6417F0BECD00B51323 /* pedigreeDataModel.xcdatamodeld in Sources */,
				A694BED017F2177A006B2B43 /* ContractedDisease.m in Sources */,
				A694BECD17F2177A006B2B43 /* Person.m in Sources */,
				A694BED317F2177A006B2B43 /* Relative.m in Sources */,
				A66FACC217F307EC002D260E /* MainTabBarVC.m in Sources */,
				A67D37B316FB3CCA005C9987 /* AppManager.m in Sources */,
				A67D37B716FB3DBF005C9987 /* FamilyTree.m in Sources */,
			);
			runOnlyForDeploymentPostprocessing = 0;
		};
/* End PBXSourcesBuildPhase section */

/* Begin PBXVariantGroup section */
		A657DDA516F747F200F3CA8E /* InfoPlist.strings */ = {
			isa = PBXVariantGroup;
			children = (
				A657DDA616F747F200F3CA8E /* en */,
			);
			name = InfoPlist.strings;
			sourceTree = "<group>";
		};
		A657DDB416F747F300F3CA8E /* MainStoryboard.storyboard */ = {
			isa = PBXVariantGroup;
			children = (
				A657DDB516F747F300F3CA8E /* en */,
			);
			name = MainStoryboard.storyboard;
			sourceTree = "<group>";
		};
/* End PBXVariantGroup section */

/* Begin XCBuildConfiguration section */
		A657DDBA16F747F300F3CA8E /* Debug */ = {
			isa = XCBuildConfiguration;
			buildSettings = {
				ALWAYS_SEARCH_USER_PATHS = NO;
				CLANG_CXX_LANGUAGE_STANDARD = "gnu++0x";
				CLANG_CXX_LIBRARY = "libc++";
				CLANG_ENABLE_OBJC_ARC = YES;
				CLANG_WARN_CONSTANT_CONVERSION = YES;
				CLANG_WARN_EMPTY_BODY = YES;
				CLANG_WARN_ENUM_CONVERSION = YES;
				CLANG_WARN_INT_CONVERSION = YES;
				CLANG_WARN__DUPLICATE_METHOD_MATCH = YES;
				"CODE_SIGN_IDENTITY[sdk=iphoneos*]" = "iPhone Developer";
				COPY_PHASE_STRIP = NO;
				GCC_C_LANGUAGE_STANDARD = gnu99;
				GCC_DYNAMIC_NO_PIC = NO;
				GCC_OPTIMIZATION_LEVEL = 0;
				GCC_PREPROCESSOR_DEFINITIONS = (
					"DEBUG=1",
					"$(inherited)",
				);
				GCC_SYMBOLS_PRIVATE_EXTERN = NO;
				GCC_WARN_ABOUT_RETURN_TYPE = YES;
				GCC_WARN_UNINITIALIZED_AUTOS = YES;
				GCC_WARN_UNUSED_VARIABLE = YES;
				IPHONEOS_DEPLOYMENT_TARGET = 6.1;
				ONLY_ACTIVE_ARCH = YES;
				SDKROOT = iphoneos;
			};
			name = Debug;
		};
		A657DDBB16F747F300F3CA8E /* Release */ = {
			isa = XCBuildConfiguration;
			buildSettings = {
				ALWAYS_SEARCH_USER_PATHS = NO;
				CLANG_CXX_LANGUAGE_STANDARD = "gnu++0x";
				CLANG_CXX_LIBRARY = "libc++";
				CLANG_ENABLE_OBJC_ARC = YES;
				CLANG_WARN_CONSTANT_CONVERSION = YES;
				CLANG_WARN_EMPTY_BODY = YES;
				CLANG_WARN_ENUM_CONVERSION = YES;
				CLANG_WARN_INT_CONVERSION = YES;
				CLANG_WARN__DUPLICATE_METHOD_MATCH = YES;
				"CODE_SIGN_IDENTITY[sdk=iphoneos*]" = "iPhone Developer";
				COPY_PHASE_STRIP = YES;
				GCC_C_LANGUAGE_STANDARD = gnu99;
				GCC_WARN_ABOUT_RETURN_TYPE = YES;
				GCC_WARN_UNINITIALIZED_AUTOS = YES;
				GCC_WARN_UNUSED_VARIABLE = YES;
				IPHONEOS_DEPLOYMENT_TARGET = 6.1;
				OTHER_CFLAGS = "-DNS_BLOCK_ASSERTIONS=1";
				SDKROOT = iphoneos;
				VALIDATE_PRODUCT = YES;
			};
			name = Release;
		};
		A657DDBD16F747F300F3CA8E /* Debug */ = {
			isa = XCBuildConfiguration;
			buildSettings = {
				GCC_PRECOMPILE_PREFIX_HEADER = YES;
				GCC_PREFIX_HEADER = "pedigree/pedigree-Prefix.pch";
				INFOPLIST_FILE = "pedigree/pedigree-Info.plist";
				PRODUCT_NAME = "Family History";
				WRAPPER_EXTENSION = app;
			};
			name = Debug;
		};
		A657DDBE16F747F300F3CA8E /* Release */ = {
			isa = XCBuildConfiguration;
			buildSettings = {
				GCC_PRECOMPILE_PREFIX_HEADER = YES;
				GCC_PREFIX_HEADER = "pedigree/pedigree-Prefix.pch";
				INFOPLIST_FILE = "pedigree/pedigree-Info.plist";
				PRODUCT_NAME = "Family History";
				WRAPPER_EXTENSION = app;
			};
			name = Release;
		};
/* End XCBuildConfiguration section */

/* Begin XCConfigurationList section */
		A657DD9416F747F200F3CA8E /* Build configuration list for PBXProject "pedigree" */ = {
			isa = XCConfigurationList;
			buildConfigurations = (
				A657DDBA16F747F300F3CA8E /* Debug */,
				A657DDBB16F747F300F3CA8E /* Release */,
			);
			defaultConfigurationIsVisible = 0;
			defaultConfigurationName = Release;
		};
		A657DDBC16F747F300F3CA8E /* Build configuration list for PBXNativeTarget "pedigree" */ = {
			isa = XCConfigurationList;
			buildConfigurations = (
				A657DDBD16F747F300F3CA8E /* Debug */,
				A657DDBE16F747F300F3CA8E /* Release */,
			);
			defaultConfigurationIsVisible = 0;
			defaultConfigurationName = Release;
		};
/* End XCConfigurationList section */

/* Begin XCVersionGroup section */
		A656EB6217F0BECD00B51323 /* pedigreeDataModel.xcdatamodeld */ = {
			isa = XCVersionGroup;
			children = (
				A656EB6317F0BECD00B51323 /* PedigreeDataModel.xcdatamodel */,
			);
			currentVersion = A656EB6317F0BECD00B51323 /* PedigreeDataModel.xcdatamodel */;
			name = pedigreeDataModel.xcdatamodeld;
			path = PedigreeDataModel.xcdatamodeld;
			sourceTree = "<group>";
			versionGroupType = wrapper.xcdatamodel;
		};
/* End XCVersionGroup section */
	};
	rootObject = A657DD9116F747F200F3CA8E /* Project object */;
}
