// !$*UTF8*$!
{
	archiveVersion = 1;
	classes = {
	};
	objectVersion = 46;
	objects = {

/* Begin PBXBuildFile section */
		6A12820218A31C77001259D3 /* SelectRaceVC.m in Sources */ = {isa = PBXBuildFile; fileRef = 6A12820118A31C77001259D3 /* SelectRaceVC.m */; };
		6A12820518A32B80001259D3 /* RaceUtil.m in Sources */ = {isa = PBXBuildFile; fileRef = 6A12820418A32B80001259D3 /* RaceUtil.m */; };
		6A12820B18A53F38001259D3 /* SelectEthnicityVC.m in Sources */ = {isa = PBXBuildFile; fileRef = 6A12820A18A53F38001259D3 /* SelectEthnicityVC.m */; };
		6A12820E18A53FF0001259D3 /* EthnicityUtil.m in Sources */ = {isa = PBXBuildFile; fileRef = 6A12820D18A53FF0001259D3 /* EthnicityUtil.m */; };
		6A2E3B441899AC000048E4DA /* SelectDiseaseVC.m in Sources */ = {isa = PBXBuildFile; fileRef = 6A2E3B431899AC000048E4DA /* SelectDiseaseVC.m */; };
		6A2E3B471899AD680048E4DA /* DiseasesUtil.m in Sources */ = {isa = PBXBuildFile; fileRef = 6A2E3B461899AD680048E4DA /* DiseasesUtil.m */; };
		6A2E3B4B189A11D20048E4DA /* Diseases_Catalog_2.plist in Resources */ = {isa = PBXBuildFile; fileRef = 6A2E3B4A189A11D20048E4DA /* Diseases_Catalog_2.plist */; };
		6A2E3B4E189A1CF30048E4DA /* DiseaseSubCategoryVCViewController.m in Sources */ = {isa = PBXBuildFile; fileRef = 6A2E3B4D189A1CF30048E4DA /* DiseaseSubCategoryVCViewController.m */; };
		6A2E3B51189A2E1D0048E4DA /* HealthInfoVC.m in Sources */ = {isa = PBXBuildFile; fileRef = 6A2E3B50189A2E1D0048E4DA /* HealthInfoVC.m */; };
		6A3D4D8F18B53CFA002EC23F /* ExistingConditionsCell.m in Sources */ = {isa = PBXBuildFile; fileRef = 6A3D4D8E18B53CFA002EC23F /* ExistingConditionsCell.m */; };
		6A3D4D9218B68D74002EC23F /* RelationshipUtil.m in Sources */ = {isa = PBXBuildFile; fileRef = 6A3D4D9118B68D74002EC23F /* RelationshipUtil.m */; };
		6A66450B189C4FD60017573F /* ParentsRelationCell.m in Sources */ = {isa = PBXBuildFile; fileRef = 6A66450A189C4FD60017573F /* ParentsRelationCell.m */; };
		6A90C37118C5264B00B7CB84 /* CustomCamera.m in Sources */ = {isa = PBXBuildFile; fileRef = 6A90C37018C5264B00B7CB84 /* CustomCamera.m */; };
		6A9515E818C64284007A6938 /* Myself.m in Sources */ = {isa = PBXBuildFile; fileRef = 6A9515E718C64284007A6938 /* Myself.m */; };
		6A9515EB18C64285007A6938 /* Person.m in Sources */ = {isa = PBXBuildFile; fileRef = 6A9515EA18C64285007A6938 /* Person.m */; };
		6A9515EE18C64285007A6938 /* Relative.m in Sources */ = {isa = PBXBuildFile; fileRef = 6A9515ED18C64285007A6938 /* Relative.m */; };
		6A9515F118C64285007A6938 /* ContractedDisease.m in Sources */ = {isa = PBXBuildFile; fileRef = 6A9515F018C64285007A6938 /* ContractedDisease.m */; };
		6AB387F1189FFA0A0064ADB5 /* FamilyBackgroundTVC.m in Sources */ = {isa = PBXBuildFile; fileRef = 6AB387F0189FFA0A0064ADB5 /* FamilyBackgroundTVC.m */; };
		6AB3881318A20A5B0064ADB5 /* HealthInfoTVC.m in Sources */ = {isa = PBXBuildFile; fileRef = 6AB3881218A20A5B0064ADB5 /* HealthInfoTVC.m */; };
		6AEDAB4218A955E10063DA13 /* Disease.m in Sources */ = {isa = PBXBuildFile; fileRef = 6AEDAB4118A955E10063DA13 /* Disease.m */; };
		6AEDAB4518A9A2D20063DA13 /* SelectAgeVC.m in Sources */ = {isa = PBXBuildFile; fileRef = 6AEDAB4418A9A2D20063DA13 /* SelectAgeVC.m */; };
		A656EB6117F0AFFD00B51323 /* CoreData.framework in Frameworks */ = {isa = PBXBuildFile; fileRef = A656EB6017F0AFFD00B51323 /* CoreData.framework */; };
		A657DD9D16F747F200F3CA8E /* UIKit.framework in Frameworks */ = {isa = PBXBuildFile; fileRef = A657DD9C16F747F200F3CA8E /* UIKit.framework */; };
		A657DD9F16F747F200F3CA8E /* Foundation.framework in Frameworks */ = {isa = PBXBuildFile; fileRef = A657DD9E16F747F200F3CA8E /* Foundation.framework */; };
		A657DDA116F747F200F3CA8E /* CoreGraphics.framework in Frameworks */ = {isa = PBXBuildFile; fileRef = A657DDA016F747F200F3CA8E /* CoreGraphics.framework */; };
		A657DDA716F747F200F3CA8E /* InfoPlist.strings in Resources */ = {isa = PBXBuildFile; fileRef = A657DDA516F747F200F3CA8E /* InfoPlist.strings */; };
		A657DDA916F747F200F3CA8E /* main.m in Sources */ = {isa = PBXBuildFile; fileRef = A657DDA816F747F200F3CA8E /* main.m */; };
		A657DDAD16F747F200F3CA8E /* AppDelegate.m in Sources */ = {isa = PBXBuildFile; fileRef = A657DDAC16F747F200F3CA8E /* AppDelegate.m */; };
		A657DDB616F747F300F3CA8E /* MainStoryboard.storyboard in Resources */ = {isa = PBXBuildFile; fileRef = A657DDB416F747F300F3CA8E /* MainStoryboard.storyboard */; };
		A66FACC217F307EC002D260E /* MainTabBarVC.m in Sources */ = {isa = PBXBuildFile; fileRef = A66FACC117F307EC002D260E /* MainTabBarVC.m */; };
		A66FACC517F4A5A3002D260E /* RelativeDetailsVC.m in Sources */ = {isa = PBXBuildFile; fileRef = A66FACC417F4A5A3002D260E /* RelativeDetailsVC.m */; };
		A6778BB31815ADF200962394 /* PersonalInfoTVC.m in Sources */ = {isa = PBXBuildFile; fileRef = A6778BB21815ADF200962394 /* PersonalInfoTVC.m */; };
		A67D37AD16FB30F5005C9987 /* RelativesTableVC.m in Sources */ = {isa = PBXBuildFile; fileRef = A67D37AC16FB30F5005C9987 /* RelativesTableVC.m */; };
		A67D37B316FB3CCA005C9987 /* AppManager.m in Sources */ = {isa = PBXBuildFile; fileRef = A67D37B216FB3CCA005C9987 /* AppManager.m */; };
		A67D37B716FB3DBF005C9987 /* FamilyTree.m in Sources */ = {isa = PBXBuildFile; fileRef = A67D37B616FB3DBF005C9987 /* FamilyTree.m */; };
		A6A66169181FF45D00E94505 /* SelectRelationshipVC.m in Sources */ = {isa = PBXBuildFile; fileRef = A6A66168181FF45D00E94505 /* SelectRelationshipVC.m */; };
		A6A6616C181FFD5400E94505 /* SelectBirthdateVC.m in Sources */ = {isa = PBXBuildFile; fileRef = A6A6616B181FFD5400E94505 /* SelectBirthdateVC.m */; };
		AB91F7B618906E7D00A271DA /* PedigreeDataModel.xcdatamodeld in Sources */ = {isa = PBXBuildFile; fileRef = AB91F7B418906E7D00A271DA /* PedigreeDataModel.xcdatamodeld */; };
		ABD3C67118917E8100D377F2 /* IntroVC.m in Sources */ = {isa = PBXBuildFile; fileRef = ABD3C67018917E8100D377F2 /* IntroVC.m */; };
		ABD3C67A1891C4ED00D377F2 /* PersonDetailsVC.m in Sources */ = {isa = PBXBuildFile; fileRef = ABD3C6791891C4ED00D377F2 /* PersonDetailsVC.m */; };
		ABD3C67C1892BB0E00D377F2 /* Media.xcassets in Resources */ = {isa = PBXBuildFile; fileRef = ABD3C67B1892BB0E00D377F2 /* Media.xcassets */; };
/* End PBXBuildFile section */

/* Begin PBXFileReference section */
		6A12820018A31C77001259D3 /* SelectRaceVC.h */ = {isa = PBXFileReference; fileEncoding = 4; lastKnownFileType = sourcecode.c.h; path = SelectRaceVC.h; sourceTree = "<group>"; };
		6A12820118A31C77001259D3 /* SelectRaceVC.m */ = {isa = PBXFileReference; fileEncoding = 4; lastKnownFileType = sourcecode.c.objc; path = SelectRaceVC.m; sourceTree = "<group>"; };
		6A12820318A32B80001259D3 /* RaceUtil.h */ = {isa = PBXFileReference; fileEncoding = 4; lastKnownFileType = sourcecode.c.h; path = RaceUtil.h; sourceTree = "<group>"; };
		6A12820418A32B80001259D3 /* RaceUtil.m */ = {isa = PBXFileReference; fileEncoding = 4; lastKnownFileType = sourcecode.c.objc; path = RaceUtil.m; sourceTree = "<group>"; };
		6A12820918A53F38001259D3 /* SelectEthnicityVC.h */ = {isa = PBXFileReference; fileEncoding = 4; lastKnownFileType = sourcecode.c.h; path = SelectEthnicityVC.h; sourceTree = "<group>"; };
		6A12820A18A53F38001259D3 /* SelectEthnicityVC.m */ = {isa = PBXFileReference; fileEncoding = 4; lastKnownFileType = sourcecode.c.objc; path = SelectEthnicityVC.m; sourceTree = "<group>"; };
		6A12820C18A53FF0001259D3 /* EthnicityUtil.h */ = {isa = PBXFileReference; fileEncoding = 4; lastKnownFileType = sourcecode.c.h; path = EthnicityUtil.h; sourceTree = "<group>"; };
		6A12820D18A53FF0001259D3 /* EthnicityUtil.m */ = {isa = PBXFileReference; fileEncoding = 4; lastKnownFileType = sourcecode.c.objc; path = EthnicityUtil.m; sourceTree = "<group>"; };
		6A2E3B421899AC000048E4DA /* SelectDiseaseVC.h */ = {isa = PBXFileReference; fileEncoding = 4; lastKnownFileType = sourcecode.c.h; path = SelectDiseaseVC.h; sourceTree = "<group>"; };
		6A2E3B431899AC000048E4DA /* SelectDiseaseVC.m */ = {isa = PBXFileReference; fileEncoding = 4; lastKnownFileType = sourcecode.c.objc; path = SelectDiseaseVC.m; sourceTree = "<group>"; };
		6A2E3B451899AD680048E4DA /* DiseasesUtil.h */ = {isa = PBXFileReference; fileEncoding = 4; lastKnownFileType = sourcecode.c.h; path = DiseasesUtil.h; sourceTree = "<group>"; };
		6A2E3B461899AD680048E4DA /* DiseasesUtil.m */ = {isa = PBXFileReference; fileEncoding = 4; lastKnownFileType = sourcecode.c.objc; path = DiseasesUtil.m; sourceTree = "<group>"; };
		6A2E3B4A189A11D20048E4DA /* Diseases_Catalog_2.plist */ = {isa = PBXFileReference; fileEncoding = 4; lastKnownFileType = text.plist.xml; path = Diseases_Catalog_2.plist; sourceTree = "<group>"; };
		6A2E3B4C189A1CF30048E4DA /* DiseaseSubCategoryVCViewController.h */ = {isa = PBXFileReference; fileEncoding = 4; lastKnownFileType = sourcecode.c.h; path = DiseaseSubCategoryVCViewController.h; sourceTree = "<group>"; };
		6A2E3B4D189A1CF30048E4DA /* DiseaseSubCategoryVCViewController.m */ = {isa = PBXFileReference; fileEncoding = 4; lastKnownFileType = sourcecode.c.objc; path = DiseaseSubCategoryVCViewController.m; sourceTree = "<group>"; };
		6A2E3B4F189A2E1D0048E4DA /* HealthInfoVC.h */ = {isa = PBXFileReference; fileEncoding = 4; lastKnownFileType = sourcecode.c.h; path = HealthInfoVC.h; sourceTree = "<group>"; };
		6A2E3B50189A2E1D0048E4DA /* HealthInfoVC.m */ = {isa = PBXFileReference; fileEncoding = 4; lastKnownFileType = sourcecode.c.objc; path = HealthInfoVC.m; sourceTree = "<group>"; };
		6A3D4D8D18B53CFA002EC23F /* ExistingConditionsCell.h */ = {isa = PBXFileReference; fileEncoding = 4; lastKnownFileType = sourcecode.c.h; path = ExistingConditionsCell.h; sourceTree = "<group>"; };
		6A3D4D8E18B53CFA002EC23F /* ExistingConditionsCell.m */ = {isa = PBXFileReference; fileEncoding = 4; lastKnownFileType = sourcecode.c.objc; path = ExistingConditionsCell.m; sourceTree = "<group>"; };
		6A3D4D9018B68D74002EC23F /* RelationshipUtil.h */ = {isa = PBXFileReference; fileEncoding = 4; lastKnownFileType = sourcecode.c.h; path = RelationshipUtil.h; sourceTree = "<group>"; };
		6A3D4D9118B68D74002EC23F /* RelationshipUtil.m */ = {isa = PBXFileReference; fileEncoding = 4; lastKnownFileType = sourcecode.c.objc; path = RelationshipUtil.m; sourceTree = "<group>"; };
		6A664505189BF90E0017573F /* PedigreeDataModel 2.xcdatamodel */ = {isa = PBXFileReference; lastKnownFileType = wrapper.xcdatamodel; path = "PedigreeDataModel 2.xcdatamodel"; sourceTree = "<group>"; };
		6A664509189C4FD60017573F /* ParentsRelationCell.h */ = {isa = PBXFileReference; fileEncoding = 4; lastKnownFileType = sourcecode.c.h; path = ParentsRelationCell.h; sourceTree = "<group>"; };
		6A66450A189C4FD60017573F /* ParentsRelationCell.m */ = {isa = PBXFileReference; fileEncoding = 4; lastKnownFileType = sourcecode.c.objc; path = ParentsRelationCell.m; sourceTree = "<group>"; };
		6A90C36F18C5264B00B7CB84 /* CustomCamera.h */ = {isa = PBXFileReference; fileEncoding = 4; lastKnownFileType = sourcecode.c.h; path = CustomCamera.h; sourceTree = "<group>"; };
		6A90C37018C5264B00B7CB84 /* CustomCamera.m */ = {isa = PBXFileReference; fileEncoding = 4; lastKnownFileType = sourcecode.c.objc; path = CustomCamera.m; sourceTree = "<group>"; };
		6A9515E618C64284007A6938 /* Myself.h */ = {isa = PBXFileReference; fileEncoding = 4; lastKnownFileType = sourcecode.c.h; path = Myself.h; sourceTree = "<group>"; };
		6A9515E718C64284007A6938 /* Myself.m */ = {isa = PBXFileReference; fileEncoding = 4; lastKnownFileType = sourcecode.c.objc; path = Myself.m; sourceTree = "<group>"; };
		6A9515E918C64285007A6938 /* Person.h */ = {isa = PBXFileReference; fileEncoding = 4; lastKnownFileType = sourcecode.c.h; path = Person.h; sourceTree = "<group>"; };
		6A9515EA18C64285007A6938 /* Person.m */ = {isa = PBXFileReference; fileEncoding = 4; lastKnownFileType = sourcecode.c.objc; path = Person.m; sourceTree = "<group>"; };
		6A9515EC18C64285007A6938 /* Relative.h */ = {isa = PBXFileReference; fileEncoding = 4; lastKnownFileType = sourcecode.c.h; path = Relative.h; sourceTree = "<group>"; };
		6A9515ED18C64285007A6938 /* Relative.m */ = {isa = PBXFileReference; fileEncoding = 4; lastKnownFileType = sourcecode.c.objc; path = Relative.m; sourceTree = "<group>"; };
		6A9515EF18C64285007A6938 /* ContractedDisease.h */ = {isa = PBXFileReference; fileEncoding = 4; lastKnownFileType = sourcecode.c.h; path = ContractedDisease.h; sourceTree = "<group>"; };
		6A9515F018C64285007A6938 /* ContractedDisease.m */ = {isa = PBXFileReference; fileEncoding = 4; lastKnownFileType = sourcecode.c.objc; path = ContractedDisease.m; sourceTree = "<group>"; };
		6AB387EF189FFA0A0064ADB5 /* FamilyBackgroundTVC.h */ = {isa = PBXFileReference; fileEncoding = 4; lastKnownFileType = sourcecode.c.h; path = FamilyBackgroundTVC.h; sourceTree = "<group>"; };
		6AB387F0189FFA0A0064ADB5 /* FamilyBackgroundTVC.m */ = {isa = PBXFileReference; fileEncoding = 4; lastKnownFileType = sourcecode.c.objc; path = FamilyBackgroundTVC.m; sourceTree = "<group>"; };
		6AB3881118A20A5B0064ADB5 /* HealthInfoTVC.h */ = {isa = PBXFileReference; fileEncoding = 4; lastKnownFileType = sourcecode.c.h; path = HealthInfoTVC.h; sourceTree = "<group>"; };
		6AB3881218A20A5B0064ADB5 /* HealthInfoTVC.m */ = {isa = PBXFileReference; fileEncoding = 4; lastKnownFileType = sourcecode.c.objc; path = HealthInfoTVC.m; sourceTree = "<group>"; };
		6AEDAB4018A955E10063DA13 /* Disease.h */ = {isa = PBXFileReference; fileEncoding = 4; lastKnownFileType = sourcecode.c.h; path = Disease.h; sourceTree = "<group>"; };
		6AEDAB4118A955E10063DA13 /* Disease.m */ = {isa = PBXFileReference; fileEncoding = 4; lastKnownFileType = sourcecode.c.objc; path = Disease.m; sourceTree = "<group>"; };
		6AEDAB4318A9A2D20063DA13 /* SelectAgeVC.h */ = {isa = PBXFileReference; fileEncoding = 4; lastKnownFileType = sourcecode.c.h; path = SelectAgeVC.h; sourceTree = "<group>"; };
		6AEDAB4418A9A2D20063DA13 /* SelectAgeVC.m */ = {isa = PBXFileReference; fileEncoding = 4; lastKnownFileType = sourcecode.c.objc; path = SelectAgeVC.m; sourceTree = "<group>"; };
		A656EB6017F0AFFD00B51323 /* CoreData.framework */ = {isa = PBXFileReference; lastKnownFileType = wrapper.framework; name = CoreData.framework; path = System/Library/Frameworks/CoreData.framework; sourceTree = SDKROOT; };
		A657DD9916F747F200F3CA8E /* FamilyHistory.app */ = {isa = PBXFileReference; explicitFileType = wrapper.application; includeInIndex = 0; path = FamilyHistory.app; sourceTree = BUILT_PRODUCTS_DIR; };
		A657DD9C16F747F200F3CA8E /* UIKit.framework */ = {isa = PBXFileReference; lastKnownFileType = wrapper.framework; name = UIKit.framework; path = System/Library/Frameworks/UIKit.framework; sourceTree = SDKROOT; };
		A657DD9E16F747F200F3CA8E /* Foundation.framework */ = {isa = PBXFileReference; lastKnownFileType = wrapper.framework; name = Foundation.framework; path = System/Library/Frameworks/Foundation.framework; sourceTree = SDKROOT; };
		A657DDA016F747F200F3CA8E /* CoreGraphics.framework */ = {isa = PBXFileReference; lastKnownFileType = wrapper.framework; name = CoreGraphics.framework; path = System/Library/Frameworks/CoreGraphics.framework; sourceTree = SDKROOT; };
		A657DDA416F747F200F3CA8E /* pedigree-Info.plist */ = {isa = PBXFileReference; lastKnownFileType = text.plist.xml; path = "pedigree-Info.plist"; sourceTree = "<group>"; };
		A657DDA616F747F200F3CA8E /* en */ = {isa = PBXFileReference; lastKnownFileType = text.plist.strings; name = en; path = en.lproj/InfoPlist.strings; sourceTree = "<group>"; };
		A657DDA816F747F200F3CA8E /* main.m */ = {isa = PBXFileReference; lastKnownFileType = sourcecode.c.objc; path = main.m; sourceTree = "<group>"; };
		A657DDAA16F747F200F3CA8E /* pedigree-Prefix.pch */ = {isa = PBXFileReference; lastKnownFileType = sourcecode.c.h; path = "pedigree-Prefix.pch"; sourceTree = "<group>"; };
		A657DDAB16F747F200F3CA8E /* AppDelegate.h */ = {isa = PBXFileReference; lastKnownFileType = sourcecode.c.h; path = AppDelegate.h; sourceTree = "<group>"; };
		A657DDAC16F747F200F3CA8E /* AppDelegate.m */ = {isa = PBXFileReference; lastKnownFileType = sourcecode.c.objc; path = AppDelegate.m; sourceTree = "<group>"; };
		A657DDB516F747F300F3CA8E /* en */ = {isa = PBXFileReference; lastKnownFileType = file.storyboard; name = en; path = en.lproj/MainStoryboard.storyboard; sourceTree = "<group>"; };
		A66FACC017F307EC002D260E /* MainTabBarVC.h */ = {isa = PBXFileReference; fileEncoding = 4; lastKnownFileType = sourcecode.c.h; path = MainTabBarVC.h; sourceTree = "<group>"; };
		A66FACC117F307EC002D260E /* MainTabBarVC.m */ = {isa = PBXFileReference; fileEncoding = 4; lastKnownFileType = sourcecode.c.objc; path = MainTabBarVC.m; sourceTree = "<group>"; };
		A66FACC317F4A5A3002D260E /* RelativeDetailsVC.h */ = {isa = PBXFileReference; fileEncoding = 4; lastKnownFileType = sourcecode.c.h; name = RelativeDetailsVC.h; path = Classes/RelativeDetailsVC.h; sourceTree = "<group>"; };
		A66FACC417F4A5A3002D260E /* RelativeDetailsVC.m */ = {isa = PBXFileReference; fileEncoding = 4; lastKnownFileType = sourcecode.c.objc; name = RelativeDetailsVC.m; path = Classes/RelativeDetailsVC.m; sourceTree = "<group>"; };
		A6778BB11815ADF200962394 /* PersonalInfoTVC.h */ = {isa = PBXFileReference; fileEncoding = 4; lastKnownFileType = sourcecode.c.h; path = PersonalInfoTVC.h; sourceTree = "<group>"; };
		A6778BB21815ADF200962394 /* PersonalInfoTVC.m */ = {isa = PBXFileReference; fileEncoding = 4; lastKnownFileType = sourcecode.c.objc; path = PersonalInfoTVC.m; sourceTree = "<group>"; };
		A67D37AB16FB30F5005C9987 /* RelativesTableVC.h */ = {isa = PBXFileReference; fileEncoding = 4; lastKnownFileType = sourcecode.c.h; name = RelativesTableVC.h; path = Classes/RelativesTableVC.h; sourceTree = "<group>"; };
		A67D37AC16FB30F5005C9987 /* RelativesTableVC.m */ = {isa = PBXFileReference; fileEncoding = 4; lastKnownFileType = sourcecode.c.objc; name = RelativesTableVC.m; path = Classes/RelativesTableVC.m; sourceTree = "<group>"; };
		A67D37B116FB3CCA005C9987 /* AppManager.h */ = {isa = PBXFileReference; fileEncoding = 4; lastKnownFileType = sourcecode.c.h; name = AppManager.h; path = Classes/AppManager.h; sourceTree = "<group>"; };
		A67D37B216FB3CCA005C9987 /* AppManager.m */ = {isa = PBXFileReference; fileEncoding = 4; lastKnownFileType = sourcecode.c.objc; name = AppManager.m; path = Classes/AppManager.m; sourceTree = "<group>"; };
		A67D37B416FB3D78005C9987 /* Debug.h */ = {isa = PBXFileReference; lastKnownFileType = sourcecode.c.h; name = Debug.h; path = Classes/Debug.h; sourceTree = "<group>"; };
		A67D37B516FB3DBF005C9987 /* FamilyTree.h */ = {isa = PBXFileReference; fileEncoding = 4; lastKnownFileType = sourcecode.c.h; name = FamilyTree.h; path = Classes/FamilyTree.h; sourceTree = "<group>"; };
		A67D37B616FB3DBF005C9987 /* FamilyTree.m */ = {isa = PBXFileReference; fileEncoding = 4; lastKnownFileType = sourcecode.c.objc; name = FamilyTree.m; path = Classes/FamilyTree.m; sourceTree = "<group>"; };
		A6A66167181FF45D00E94505 /* SelectRelationshipVC.h */ = {isa = PBXFileReference; fileEncoding = 4; lastKnownFileType = sourcecode.c.h; path = SelectRelationshipVC.h; sourceTree = "<group>"; };
		A6A66168181FF45D00E94505 /* SelectRelationshipVC.m */ = {isa = PBXFileReference; fileEncoding = 4; lastKnownFileType = sourcecode.c.objc; path = SelectRelationshipVC.m; sourceTree = "<group>"; };
		A6A6616A181FFD5400E94505 /* SelectBirthdateVC.h */ = {isa = PBXFileReference; fileEncoding = 4; lastKnownFileType = sourcecode.c.h; name = SelectBirthdateVC.h; path = Classes/SelectBirthdateVC.h; sourceTree = "<group>"; };
		A6A6616B181FFD5400E94505 /* SelectBirthdateVC.m */ = {isa = PBXFileReference; fileEncoding = 4; lastKnownFileType = sourcecode.c.objc; name = SelectBirthdateVC.m; path = Classes/SelectBirthdateVC.m; sourceTree = "<group>"; };
		AB91F7B518906E7D00A271DA /* PedigreeDataModel.xcdatamodel */ = {isa = PBXFileReference; lastKnownFileType = wrapper.xcdatamodel; path = PedigreeDataModel.xcdatamodel; sourceTree = "<group>"; };
		ABD3C66F18917E8100D377F2 /* IntroVC.h */ = {isa = PBXFileReference; fileEncoding = 4; lastKnownFileType = sourcecode.c.h; path = IntroVC.h; sourceTree = "<group>"; };
		ABD3C67018917E8100D377F2 /* IntroVC.m */ = {isa = PBXFileReference; fileEncoding = 4; lastKnownFileType = sourcecode.c.objc; path = IntroVC.m; sourceTree = "<group>"; };
		ABD3C6781891C4ED00D377F2 /* PersonDetailsVC.h */ = {isa = PBXFileReference; fileEncoding = 4; lastKnownFileType = sourcecode.c.h; name = PersonDetailsVC.h; path = Classes/PersonDetailsVC.h; sourceTree = "<group>"; };
		ABD3C6791891C4ED00D377F2 /* PersonDetailsVC.m */ = {isa = PBXFileReference; fileEncoding = 4; lastKnownFileType = sourcecode.c.objc; name = PersonDetailsVC.m; path = Classes/PersonDetailsVC.m; sourceTree = "<group>"; };
		ABD3C67B1892BB0E00D377F2 /* Media.xcassets */ = {isa = PBXFileReference; lastKnownFileType = folder.assetcatalog; path = Media.xcassets; sourceTree = "<group>"; };
/* End PBXFileReference section */

/* Begin PBXFrameworksBuildPhase section */
		A657DD9616F747F200F3CA8E /* Frameworks */ = {
			isa = PBXFrameworksBuildPhase;
			buildActionMask = 2147483647;
			files = (
				A656EB6117F0AFFD00B51323 /* CoreData.framework in Frameworks */,
				A657DD9D16F747F200F3CA8E /* UIKit.framework in Frameworks */,
				A657DD9F16F747F200F3CA8E /* Foundation.framework in Frameworks */,
				A657DDA116F747F200F3CA8E /* CoreGraphics.framework in Frameworks */,
			);
			runOnlyForDeploymentPostprocessing = 0;
		};
/* End PBXFrameworksBuildPhase section */

/* Begin PBXGroup section */
		A657DD9016F747F200F3CA8E = {
			isa = PBXGroup;
			children = (
				ABD3C67B1892BB0E00D377F2 /* Media.xcassets */,
				A657DDA216F747F200F3CA8E /* pedigree */,
				A657DD9B16F747F200F3CA8E /* Frameworks */,
				A657DD9A16F747F200F3CA8E /* Products */,
			);
			sourceTree = "<group>";
		};
		A657DD9A16F747F200F3CA8E /* Products */ = {
			isa = PBXGroup;
			children = (
				A657DD9916F747F200F3CA8E /* FamilyHistory.app */,
			);
			name = Products;
			sourceTree = "<group>";
		};
		A657DD9B16F747F200F3CA8E /* Frameworks */ = {
			isa = PBXGroup;
			children = (
				A656EB6017F0AFFD00B51323 /* CoreData.framework */,
				A657DD9C16F747F200F3CA8E /* UIKit.framework */,
				A657DD9E16F747F200F3CA8E /* Foundation.framework */,
				A657DDA016F747F200F3CA8E /* CoreGraphics.framework */,
			);
			name = Frameworks;
			sourceTree = "<group>";
		};
		A657DDA216F747F200F3CA8E /* pedigree */ = {
			isa = PBXGroup;
			children = (
				AB91F7B418906E7D00A271DA /* PedigreeDataModel.xcdatamodeld */,
				6A9515E618C64284007A6938 /* Myself.h */,
				6A9515EF18C64285007A6938 /* ContractedDisease.h */,
				6A9515F018C64285007A6938 /* ContractedDisease.m */,
				6A9515EC18C64285007A6938 /* Relative.h */,
				6A9515ED18C64285007A6938 /* Relative.m */,
				6A9515E918C64285007A6938 /* Person.h */,
				6A9515EA18C64285007A6938 /* Person.m */,
				6A9515E718C64284007A6938 /* Myself.m */,
				6AB3881118A20A5B0064ADB5 /* HealthInfoTVC.h */,
				6AB3881218A20A5B0064ADB5 /* HealthInfoTVC.m */,
				ABD3C66F18917E8100D377F2 /* IntroVC.h */,
				ABD3C67018917E8100D377F2 /* IntroVC.m */,
				A657DDAB16F747F200F3CA8E /* AppDelegate.h */,
				A657DDAC16F747F200F3CA8E /* AppDelegate.m */,
				A67D37B116FB3CCA005C9987 /* AppManager.h */,
				A67D37B216FB3CCA005C9987 /* AppManager.m */,
				A67D37B416FB3D78005C9987 /* Debug.h */,
				A67D37B516FB3DBF005C9987 /* FamilyTree.h */,
				A67D37B616FB3DBF005C9987 /* FamilyTree.m */,
				A657DDB416F747F300F3CA8E /* MainStoryboard.storyboard */,
				A66FACC017F307EC002D260E /* MainTabBarVC.h */,
				A66FACC117F307EC002D260E /* MainTabBarVC.m */,
				A6778BB11815ADF200962394 /* PersonalInfoTVC.h */,
				A6778BB21815ADF200962394 /* PersonalInfoTVC.m */,
				A66FACC317F4A5A3002D260E /* RelativeDetailsVC.h */,
				A66FACC417F4A5A3002D260E /* RelativeDetailsVC.m */,
				A67D37AB16FB30F5005C9987 /* RelativesTableVC.h */,
				A67D37AC16FB30F5005C9987 /* RelativesTableVC.m */,
				A6A6616A181FFD5400E94505 /* SelectBirthdateVC.h */,
				A6A6616B181FFD5400E94505 /* SelectBirthdateVC.m */,
				A6A66167181FF45D00E94505 /* SelectRelationshipVC.h */,
				A6A66168181FF45D00E94505 /* SelectRelationshipVC.m */,
				ABD3C6781891C4ED00D377F2 /* PersonDetailsVC.h */,
				ABD3C6791891C4ED00D377F2 /* PersonDetailsVC.m */,
				6A2E3B421899AC000048E4DA /* SelectDiseaseVC.h */,
				6A2E3B431899AC000048E4DA /* SelectDiseaseVC.m */,
				6A2E3B4C189A1CF30048E4DA /* DiseaseSubCategoryVCViewController.h */,
				6A2E3B4D189A1CF30048E4DA /* DiseaseSubCategoryVCViewController.m */,
				6A2E3B4F189A2E1D0048E4DA /* HealthInfoVC.h */,
				6A2E3B50189A2E1D0048E4DA /* HealthInfoVC.m */,
				6A664509189C4FD60017573F /* ParentsRelationCell.h */,
				6A66450A189C4FD60017573F /* ParentsRelationCell.m */,
				6AB387EF189FFA0A0064ADB5 /* FamilyBackgroundTVC.h */,
				6AB387F0189FFA0A0064ADB5 /* FamilyBackgroundTVC.m */,
				6A12820018A31C77001259D3 /* SelectRaceVC.h */,
				6A12820118A31C77001259D3 /* SelectRaceVC.m */,
				6A12820918A53F38001259D3 /* SelectEthnicityVC.h */,
				6A12820A18A53F38001259D3 /* SelectEthnicityVC.m */,
				6AEDAB4318A9A2D20063DA13 /* SelectAgeVC.h */,
				6AEDAB4418A9A2D20063DA13 /* SelectAgeVC.m */,
				6AEDAB4018A955E10063DA13 /* Disease.h */,
				6AEDAB4118A955E10063DA13 /* Disease.m */,
				6A90C36F18C5264B00B7CB84 /* CustomCamera.h */,
				6A90C37018C5264B00B7CB84 /* CustomCamera.m */,
				A657DDA316F747F200F3CA8E /* Supporting Files */,
				6A3D4D8D18B53CFA002EC23F /* ExistingConditionsCell.h */,
				6A3D4D8E18B53CFA002EC23F /* ExistingConditionsCell.m */,
			);
			path = pedigree;
			sourceTree = "<group>";
		};
		A657DDA316F747F200F3CA8E /* Supporting Files */ = {
			isa = PBXGroup;
			children = (
				ABD3C6801892C2FB00D377F2 /* Util */,
				A657DDA416F747F200F3CA8E /* pedigree-Info.plist */,
				A657DDA516F747F200F3CA8E /* InfoPlist.strings */,
				A657DDA816F747F200F3CA8E /* main.m */,
				A657DDAA16F747F200F3CA8E /* pedigree-Prefix.pch */,
			);
			name = "Supporting Files";
			sourceTree = "<group>";
		};
		ABD3C6801892C2FB00D377F2 /* Util */ = {
			isa = PBXGroup;
			children = (
				6A2E3B451899AD680048E4DA /* DiseasesUtil.h */,
				6A2E3B461899AD680048E4DA /* DiseasesUtil.m */,
				6A2E3B4A189A11D20048E4DA /* Diseases_Catalog_2.plist */,
				6A12820318A32B80001259D3 /* RaceUtil.h */,
				6A12820418A32B80001259D3 /* RaceUtil.m */,
				6A12820C18A53FF0001259D3 /* EthnicityUtil.h */,
				6A12820D18A53FF0001259D3 /* EthnicityUtil.m */,
				6A3D4D9018B68D74002EC23F /* RelationshipUtil.h */,
				6A3D4D9118B68D74002EC23F /* RelationshipUtil.m */,
			);
			name = Util;
			sourceTree = "<group>";
		};
/* End PBXGroup section */

/* Begin PBXNativeTarget section */
		A657DD9816F747F200F3CA8E /* pedigree */ = {
			isa = PBXNativeTarget;
			buildConfigurationList = A657DDBC16F747F300F3CA8E /* Build configuration list for PBXNativeTarget "pedigree" */;
			buildPhases = (
				A657DD9516F747F200F3CA8E /* Sources */,
				A657DD9616F747F200F3CA8E /* Frameworks */,
				A657DD9716F747F200F3CA8E /* Resources */,
			);
			buildRules = (
			);
			dependencies = (
			);
			name = pedigree;
			productName = pedigree;
			productReference = A657DD9916F747F200F3CA8E /* FamilyHistory.app */;
			productType = "com.apple.product-type.application";
		};
/* End PBXNativeTarget section */

/* Begin PBXProject section */
		A657DD9116F747F200F3CA8E /* Project object */ = {
			isa = PBXProject;
			attributes = {
				LastUpgradeCheck = 0460;
				ORGANIZATIONNAME = "CDC Informatics R&D Lab";
				TargetAttributes = {
					A657DD9816F747F200F3CA8E = {
						DevelopmentTeam = Z827RBGAJC;
					};
				};
			};
			buildConfigurationList = A657DD9416F747F200F3CA8E /* Build configuration list for PBXProject "pedigree" */;
			compatibilityVersion = "Xcode 3.2";
			developmentRegion = English;
			hasScannedForEncodings = 0;
			knownRegions = (
				en,
			);
			mainGroup = A657DD9016F747F200F3CA8E;
			productRefGroup = A657DD9A16F747F200F3CA8E /* Products */;
			projectDirPath = "";
			projectRoot = "";
			targets = (
				A657DD9816F747F200F3CA8E /* pedigree */,
			);
		};
/* End PBXProject section */

/* Begin PBXResourcesBuildPhase section */
		A657DD9716F747F200F3CA8E /* Resources */ = {
			isa = PBXResourcesBuildPhase;
			buildActionMask = 2147483647;
			files = (
				6A2E3B4B189A11D20048E4DA /* Diseases_Catalog_2.plist in Resources */,
				A657DDA716F747F200F3CA8E /* InfoPlist.strings in Resources */,
				A657DDB616F747F300F3CA8E /* MainStoryboard.storyboard in Resources */,
				ABD3C67C1892BB0E00D377F2 /* Media.xcassets in Resources */,
			);
			runOnlyForDeploymentPostprocessing = 0;
		};
/* End PBXResourcesBuildPhase section */

/* Begin PBXSourcesBuildPhase section */
		A657DD9516F747F200F3CA8E /* Sources */ = {
			isa = PBXSourcesBuildPhase;
			buildActionMask = 2147483647;
			files = (
				6A2E3B51189A2E1D0048E4DA /* HealthInfoVC.m in Sources */,
				A6A66169181FF45D00E94505 /* SelectRelationshipVC.m in Sources */,
				6AEDAB4218A955E10063DA13 /* Disease.m in Sources */,
				A657DDA916F747F200F3CA8E /* main.m in Sources */,
				6A12820B18A53F38001259D3 /* SelectEthnicityVC.m in Sources */,
				6A9515F118C64285007A6938 /* ContractedDisease.m in Sources */,
				6A90C37118C5264B00B7CB84 /* CustomCamera.m in Sources */,
				6A2E3B441899AC000048E4DA /* SelectDiseaseVC.m in Sources */,
				6A12820518A32B80001259D3 /* RaceUtil.m in Sources */,
				6A9515EE18C64285007A6938 /* Relative.m in Sources */,
				6A12820218A31C77001259D3 /* SelectRaceVC.m in Sources */,
				6AB3881318A20A5B0064ADB5 /* HealthInfoTVC.m in Sources */,
				A657DDAD16F747F200F3CA8E /* AppDelegate.m in Sources */,
				A67D37AD16FB30F5005C9987 /* RelativesTableVC.m in Sources */,
				6A2E3B471899AD680048E4DA /* DiseasesUtil.m in Sources */,
				AB91F7B618906E7D00A271DA /* PedigreeDataModel.xcdatamodeld in Sources */,
				A6778BB31815ADF200962394 /* PersonalInfoTVC.m in Sources */,
				6A66450B189C4FD60017573F /* ParentsRelationCell.m in Sources */,
				6A3D4D8F18B53CFA002EC23F /* ExistingConditionsCell.m in Sources */,
				A66FACC517F4A5A3002D260E /* RelativeDetailsVC.m in Sources */,
				6AB387F1189FFA0A0064ADB5 /* FamilyBackgroundTVC.m in Sources */,
				ABD3C67A1891C4ED00D377F2 /* PersonDetailsVC.m in Sources */,
				A66FACC217F307EC002D260E /* MainTabBarVC.m in Sources */,
				6AEDAB4518A9A2D20063DA13 /* SelectAgeVC.m in Sources */,
				6A9515EB18C64285007A6938 /* Person.m in Sources */,
				6A12820E18A53FF0001259D3 /* EthnicityUtil.m in Sources */,
				A67D37B316FB3CCA005C9987 /* AppManager.m in Sources */,
				6A2E3B4E189A1CF30048E4DA /* DiseaseSubCategoryVCViewController.m in Sources */,
				ABD3C67118917E8100D377F2 /* IntroVC.m in Sources */,
				A6A6616C181FFD5400E94505 /* SelectBirthdateVC.m in Sources */,
				A67D37B716FB3DBF005C9987 /* FamilyTree.m in Sources */,
				6A3D4D9218B68D74002EC23F /* RelationshipUtil.m in Sources */,
				6A9515E818C64284007A6938 /* Myself.m in Sources */,
			);
			runOnlyForDeploymentPostprocessing = 0;
		};
/* End PBXSourcesBuildPhase section */

/* Begin PBXVariantGroup section */
		A657DDA516F747F200F3CA8E /* InfoPlist.strings */ = {
			isa = PBXVariantGroup;
			children = (
				A657DDA616F747F200F3CA8E /* en */,
			);
			name = InfoPlist.strings;
			sourceTree = "<group>";
		};
		A657DDB416F747F300F3CA8E /* MainStoryboard.storyboard */ = {
			isa = PBXVariantGroup;
			children = (
				A657DDB516F747F300F3CA8E /* en */,
			);
			name = MainStoryboard.storyboard;
			sourceTree = "<group>";
		};
/* End PBXVariantGroup section */

/* Begin XCBuildConfiguration section */
		A657DDBA16F747F300F3CA8E /* Debug */ = {
			isa = XCBuildConfiguration;
			buildSettings = {
				ALWAYS_SEARCH_USER_PATHS = NO;
				CLANG_CXX_LANGUAGE_STANDARD = "gnu++0x";
				CLANG_CXX_LIBRARY = "libc++";
				CLANG_ENABLE_OBJC_ARC = YES;
				CLANG_WARN_CONSTANT_CONVERSION = YES;
				CLANG_WARN_EMPTY_BODY = YES;
				CLANG_WARN_ENUM_CONVERSION = YES;
				CLANG_WARN_INT_CONVERSION = YES;
				CLANG_WARN__DUPLICATE_METHOD_MATCH = YES;
				"CODE_SIGN_IDENTITY[sdk=iphoneos*]" = "iPhone Developer";
				COPY_PHASE_STRIP = NO;
				GCC_C_LANGUAGE_STANDARD = gnu99;
				GCC_DYNAMIC_NO_PIC = NO;
				GCC_OPTIMIZATION_LEVEL = 0;
				GCC_PREPROCESSOR_DEFINITIONS = (
					"DEBUG=1",
					"$(inherited)",
				);
				GCC_SYMBOLS_PRIVATE_EXTERN = NO;
				GCC_WARN_ABOUT_RETURN_TYPE = YES;
				GCC_WARN_UNINITIALIZED_AUTOS = YES;
				GCC_WARN_UNUSED_VARIABLE = YES;
				IPHONEOS_DEPLOYMENT_TARGET = 7.0;
				ONLY_ACTIVE_ARCH = YES;
				SDKROOT = iphoneos;
			};
			name = Debug;
		};
		A657DDBB16F747F300F3CA8E /* Release */ = {
			isa = XCBuildConfiguration;
			buildSettings = {
				ALWAYS_SEARCH_USER_PATHS = NO;
				CLANG_CXX_LANGUAGE_STANDARD = "gnu++0x";
				CLANG_CXX_LIBRARY = "libc++";
				CLANG_ENABLE_OBJC_ARC = YES;
				CLANG_WARN_CONSTANT_CONVERSION = YES;
				CLANG_WARN_EMPTY_BODY = YES;
				CLANG_WARN_ENUM_CONVERSION = YES;
				CLANG_WARN_INT_CONVERSION = YES;
				CLANG_WARN__DUPLICATE_METHOD_MATCH = YES;
				"CODE_SIGN_IDENTITY[sdk=iphoneos*]" = "iPhone Developer";
				COPY_PHASE_STRIP = YES;
				GCC_C_LANGUAGE_STANDARD = gnu99;
				GCC_WARN_ABOUT_RETURN_TYPE = YES;
				GCC_WARN_UNINITIALIZED_AUTOS = YES;
				GCC_WARN_UNUSED_VARIABLE = YES;
				IPHONEOS_DEPLOYMENT_TARGET = 7.0;
				OTHER_CFLAGS = "-DNS_BLOCK_ASSERTIONS=1";
				SDKROOT = iphoneos;
				VALIDATE_PRODUCT = YES;
			};
			name = Release;
		};
		A657DDBD16F747F300F3CA8E /* Debug */ = {
			isa = XCBuildConfiguration;
			buildSettings = {
				ASSETCATALOG_COMPILER_APPICON_NAME = AppIcon;
				ASSETCATALOG_COMPILER_LAUNCHIMAGE_NAME = LaunchImage;
				CODE_SIGN_IDENTITY = "iPhone Developer";
				"CODE_SIGN_IDENTITY[sdk=iphoneos*]" = "iPhone Developer";
				GCC_PRECOMPILE_PREFIX_HEADER = YES;
				GCC_PREFIX_HEADER = "pedigree/pedigree-Prefix.pch";
				INFOPLIST_FILE = "pedigree/pedigree-Info.plist";
				IPHONEOS_DEPLOYMENT_TARGET = 7.0;
				PRODUCT_NAME = FamilyHistory;
				PROVISIONING_PROFILE = "";
				WRAPPER_EXTENSION = app;
			};
			name = Debug;
		};
		A657DDBE16F747F300F3CA8E /* Release */ = {
			isa = XCBuildConfiguration;
			buildSettings = {
				ASSETCATALOG_COMPILER_APPICON_NAME = AppIcon;
				ASSETCATALOG_COMPILER_LAUNCHIMAGE_NAME = LaunchImage;
				CODE_SIGN_IDENTITY = "iPhone Developer";
				"CODE_SIGN_IDENTITY[sdk=iphoneos*]" = "iPhone Distribution";
				GCC_PRECOMPILE_PREFIX_HEADER = YES;
				GCC_PREFIX_HEADER = "pedigree/pedigree-Prefix.pch";
				INFOPLIST_FILE = "pedigree/pedigree-Info.plist";
				IPHONEOS_DEPLOYMENT_TARGET = 7.0;
				PRODUCT_NAME = FamilyHistory;
				PROVISIONING_PROFILE = "";
				WRAPPER_EXTENSION = app;
			};
			name = Release;
		};
/* End XCBuildConfiguration section */

/* Begin XCConfigurationList section */
		A657DD9416F747F200F3CA8E /* Build configuration list for PBXProject "pedigree" */ = {
			isa = XCConfigurationList;
			buildConfigurations = (
				A657DDBA16F747F300F3CA8E /* Debug */,
				A657DDBB16F747F300F3CA8E /* Release */,
			);
			defaultConfigurationIsVisible = 0;
			defaultConfigurationName = Release;
		};
		A657DDBC16F747F300F3CA8E /* Build configuration list for PBXNativeTarget "pedigree" */ = {
			isa = XCConfigurationList;
			buildConfigurations = (
				A657DDBD16F747F300F3CA8E /* Debug */,
				A657DDBE16F747F300F3CA8E /* Release */,
			);
			defaultConfigurationIsVisible = 0;
			defaultConfigurationName = Release;
		};
/* End XCConfigurationList section */

/* Begin XCVersionGroup section */
		AB91F7B418906E7D00A271DA /* PedigreeDataModel.xcdatamodeld */ = {
			isa = XCVersionGroup;
			children = (
				6A664505189BF90E0017573F /* PedigreeDataModel 2.xcdatamodel */,
				AB91F7B518906E7D00A271DA /* PedigreeDataModel.xcdatamodel */,
			);
			currentVersion = 6A664505189BF90E0017573F /* PedigreeDataModel 2.xcdatamodel */;
			path = PedigreeDataModel.xcdatamodeld;
			sourceTree = "<group>";
			versionGroupType = wrapper.xcdatamodel;
		};
/* End XCVersionGroup section */
	};
	rootObject = A657DD9116F747F200F3CA8E /* Project object */;
}
